
Microsoft Visual Studio Solution File, Format Version 12.00
# Visual Studio Version 16
VisualStudioVersion = 16.6.30114.105
MinimumVisualStudioVersion = 10.0.40219.1
Project("{FAE04EC0-301F-11D3-BF4B-00C04F79EFBC}") = "A9.App", "A9.App\A9.App.csproj", "{695842E2-51C1-44AF-B920-8F94AC9F9A05}"
EndProject
Project("{FAE04EC0-301F-11D3-BF4B-00C04F79EFBC}") = "A9.Lib", "A9.Lib\A9.Lib.csproj", "{2AC67CB5-8C6B-434A-B182-32DE882A26AD}"
EndProject
Project("{FAE04EC0-301F-11D3-BF4B-00C04F79EFBC}") = "A9.Tests", "A9.Tests\A9.Tests.csproj", "{39DD8DCE-9506-487C-8D56-CA1DB2228FC7}"
EndProject
Global
	GlobalSection(SolutionConfigurationPlatforms) = preSolution
		Debug|Any CPU = Debug|Any CPU
		Debug|x64 = Debug|x64
		Debug|x86 = Debug|x86
		Release|Any CPU = Release|Any CPU
		Release|x64 = Release|x64
		Release|x86 = Release|x86
	EndGlobalSection
	GlobalSection(SolutionProperties) = preSolution
		HideSolutionNode = FALSE
	EndGlobalSection
	GlobalSection(ProjectConfigurationPlatforms) = postSolution
		{695842E2-51C1-44AF-B920-8F94AC9F9A05}.Debug|Any CPU.ActiveCfg = Debug|Any CPU
		{695842E2-51C1-44AF-B920-8F94AC9F9A05}.Debug|Any CPU.Build.0 = Debug|Any CPU
		{695842E2-51C1-44AF-B920-8F94AC9F9A05}.Debug|x64.ActiveCfg = Debug|Any CPU
		{695842E2-51C1-44AF-B920-8F94AC9F9A05}.Debug|x64.Build.0 = Debug|Any CPU
		{695842E2-51C1-44AF-B920-8F94AC9F9A05}.Debug|x86.ActiveCfg = Debug|Any CPU
		{695842E2-51C1-44AF-B920-8F94AC9F9A05}.Debug|x86.Build.0 = Debug|Any CPU
		{695842E2-51C1-44AF-B920-8F94AC9F9A05}.Release|Any CPU.ActiveCfg = Release|Any CPU
		{695842E2-51C1-44AF-B920-8F94AC9F9A05}.Release|Any CPU.Build.0 = Release|Any CPU
		{695842E2-51C1-44AF-B920-8F94AC9F9A05}.Release|x64.ActiveCfg = Release|Any CPU
		{695842E2-51C1-44AF-B920-8F94AC9F9A05}.Release|x64.Build.0 = Release|Any CPU
		{695842E2-51C1-44AF-B920-8F94AC9F9A05}.Release|x86.ActiveCfg = Release|Any CPU
		{695842E2-51C1-44AF-B920-8F94AC9F9A05}.Release|x86.Build.0 = Release|Any CPU
		{2AC67CB5-8C6B-434A-B182-32DE882A26AD}.Debug|Any CPU.ActiveCfg = Debug|Any CPU
		{2AC67CB5-8C6B-434A-B182-32DE882A26AD}.Debug|Any CPU.Build.0 = Debug|Any CPU
		{2AC67CB5-8C6B-434A-B182-32DE882A26AD}.Debug|x64.ActiveCfg = Debug|Any CPU
		{2AC67CB5-8C6B-434A-B182-32DE882A26AD}.Debug|x64.Build.0 = Debug|Any CPU
		{2AC67CB5-8C6B-434A-B182-32DE882A26AD}.Debug|x86.ActiveCfg = Debug|Any CPU
		{2AC67CB5-8C6B-434A-B182-32DE882A26AD}.Debug|x86.Build.0 = Debug|Any CPU
		{2AC67CB5-8C6B-434A-B182-32DE882A26AD}.Release|Any CPU.ActiveCfg = Release|Any CPU
		{2AC67CB5-8C6B-434A-B182-32DE882A26AD}.Release|Any CPU.Build.0 = Release|Any CPU
		{2AC67CB5-8C6B-434A-B182-32DE882A26AD}.Release|x64.ActiveCfg = Release|Any CPU
		{2AC67CB5-8C6B-434A-B182-32DE882A26AD}.Release|x64.Build.0 = Release|Any CPU
		{2AC67CB5-8C6B-434A-B182-32DE882A26AD}.Release|x86.ActiveCfg = Release|Any CPU
		{2AC67CB5-8C6B-434A-B182-32DE882A26AD}.Release|x86.Build.0 = Release|Any CPU
		{39DD8DCE-9506-487C-8D56-CA1DB2228FC7}.Debug|Any CPU.ActiveCfg = Debug|Any CPU
		{39DD8DCE-9506-487C-8D56-CA1DB2228FC7}.Debug|Any CPU.Build.0 = Debug|Any CPU
		{39DD8DCE-9506-487C-8D56-CA1DB2228FC7}.Debug|x64.ActiveCfg = Debug|Any CPU
		{39DD8DCE-9506-487C-8D56-CA1DB2228FC7}.Debug|x64.Build.0 = Debug|Any CPU
		{39DD8DCE-9506-487C-8D56-CA1DB2228FC7}.Debug|x86.ActiveCfg = Debug|Any CPU
		{39DD8DCE-9506-487C-8D56-CA1DB2228FC7}.Debug|x86.Build.0 = Debug|Any CPU
		{39DD8DCE-9506-487C-8D56-CA1DB2228FC7}.Release|Any CPU.ActiveCfg = Release|Any CPU
		{39DD8DCE-9506-487C-8D56-CA1DB2228FC7}.Release|Any CPU.Build.0 = Release|Any CPU
		{39DD8DCE-9506-487C-8D56-CA1DB2228FC7}.Release|x64.ActiveCfg = Release|Any CPU
		{39DD8DCE-9506-487C-8D56-CA1DB2228FC7}.Release|x64.Build.0 = Release|Any CPU
		{39DD8DCE-9506-487C-8D56-CA1DB2228FC7}.Release|x86.ActiveCfg = Release|Any CPU
		{39DD8DCE-9506-487C-8D56-CA1DB2228FC7}.Release|x86.Build.0 = Release|Any CPU
	EndGlobalSection
EndGlobal
