
Microsoft Visual Studio Solution File, Format Version 12.00
# Visual Studio Version 16
VisualStudioVersion = 16.6.30114.105
MinimumVisualStudioVersion = 10.0.40219.1
Project("{FAE04EC0-301F-11D3-BF4B-00C04F79EFBC}") = "A00", "A00\A00.csproj", "{815328B0-E5CD-49AB-B87E-A17F1F236C41}"
EndProject
Project("{FAE04EC0-301F-11D3-BF4B-00C04F79EFBC}") = "A00.Test", "A00.Test\A00.Test.csproj", "{BD801B85-88E5-41BA-896A-5B85A97C6161}"
EndProject
Global
	GlobalSection(SolutionConfigurationPlatforms) = preSolution
		Debug|Any CPU = Debug|Any CPU
		Debug|x64 = Debug|x64
		Debug|x86 = Debug|x86
		Release|Any CPU = Release|Any CPU
		Release|x64 = Release|x64
		Release|x86 = Release|x86
	EndGlobalSection
	GlobalSection(SolutionProperties) = preSolution
		HideSolutionNode = FALSE
	EndGlobalSection
	GlobalSection(ProjectConfigurationPlatforms) = postSolution
		{815328B0-E5CD-49AB-B87E-A17F1F236C41}.Debug|Any CPU.ActiveCfg = Debug|Any CPU
		{815328B0-E5CD-49AB-B87E-A17F1F236C41}.Debug|Any CPU.Build.0 = Debug|Any CPU
		{815328B0-E5CD-49AB-B87E-A17F1F236C41}.Debug|x64.ActiveCfg = Debug|Any CPU
		{815328B0-E5CD-49AB-B87E-A17F1F236C41}.Debug|x64.Build.0 = Debug|Any CPU
		{815328B0-E5CD-49AB-B87E-A17F1F236C41}.Debug|x86.ActiveCfg = Debug|Any CPU
		{815328B0-E5CD-49AB-B87E-A17F1F236C41}.Debug|x86.Build.0 = Debug|Any CPU
		{815328B0-E5CD-49AB-B87E-A17F1F236C41}.Release|Any CPU.ActiveCfg = Release|Any CPU
		{815328B0-E5CD-49AB-B87E-A17F1F236C41}.Release|Any CPU.Build.0 = Release|Any CPU
		{815328B0-E5CD-49AB-B87E-A17F1F236C41}.Release|x64.ActiveCfg = Release|Any CPU
		{815328B0-E5CD-49AB-B87E-A17F1F236C41}.Release|x64.Build.0 = Release|Any CPU
		{815328B0-E5CD-49AB-B87E-A17F1F236C41}.Release|x86.ActiveCfg = Release|Any CPU
		{815328B0-E5CD-49AB-B87E-A17F1F236C41}.Release|x86.Build.0 = Release|Any CPU
		{BD801B85-88E5-41BA-896A-5B85A97C6161}.Debug|Any CPU.ActiveCfg = Debug|Any CPU
		{BD801B85-88E5-41BA-896A-5B85A97C6161}.Debug|Any CPU.Build.0 = Debug|Any CPU
		{BD801B85-88E5-41BA-896A-5B85A97C6161}.Debug|x64.ActiveCfg = Debug|Any CPU
		{BD801B85-88E5-41BA-896A-5B85A97C6161}.Debug|x64.Build.0 = Debug|Any CPU
		{BD801B85-88E5-41BA-896A-5B85A97C6161}.Debug|x86.ActiveCfg = Debug|Any CPU
		{BD801B85-88E5-41BA-896A-5B85A97C6161}.Debug|x86.Build.0 = Debug|Any CPU
		{BD801B85-88E5-41BA-896A-5B85A97C6161}.Release|Any CPU.ActiveCfg = Release|Any CPU
		{BD801B85-88E5-41BA-896A-5B85A97C6161}.Release|Any CPU.Build.0 = Release|Any CPU
		{BD801B85-88E5-41BA-896A-5B85A97C6161}.Release|x64.ActiveCfg = Release|Any CPU
		{BD801B85-88E5-41BA-896A-5B85A97C6161}.Release|x64.Build.0 = Release|Any CPU
		{BD801B85-88E5-41BA-896A-5B85A97C6161}.Release|x86.ActiveCfg = Release|Any CPU
		{BD801B85-88E5-41BA-896A-5B85A97C6161}.Release|x86.Build.0 = Release|Any CPU
	EndGlobalSection
EndGlobal
